
Microsoft Visual Studio Solution File, Format Version 12.00
# Visual Studio Version 17
VisualStudioVersion = 17.9.34728.123
MinimumVisualStudioVersion = 10.0.40219.1
Project("{FAE04EC0-301F-11D3-BF4B-00C04F79EFBC}") = "ExpenseTracker.Server", "ExpenseTracker.Server\ExpenseTracker.Server.csproj", "{C9BBCBAF-2BE0-4AC3-B6EA-38C34BF493FA}"
EndProject
Project("{54A90642-561A-4BB1-A94E-469ADEE60C69}") = "expensetracker.client", "expensetracker.client\expensetracker.client.esproj", "{BF1E4220-D1CB-42C3-A4D7-D78DD5DB4D57}"
EndProject
Global
	GlobalSection(SolutionConfigurationPlatforms) = preSolution
		Debug|Any CPU = Debug|Any CPU
		Release|Any CPU = Release|Any CPU
	EndGlobalSection
	GlobalSection(ProjectConfigurationPlatforms) = postSolution
		{C9BBCBAF-2BE0-4AC3-B6EA-38C34BF493FA}.Debug|Any CPU.ActiveCfg = Debug|Any CPU
		{C9BBCBAF-2BE0-4AC3-B6EA-38C34BF493FA}.Debug|Any CPU.Build.0 = Debug|Any CPU
		{C9BBCBAF-2BE0-4AC3-B6EA-38C34BF493FA}.Release|Any CPU.ActiveCfg = Release|Any CPU
		{C9BBCBAF-2BE0-4AC3-B6EA-38C34BF493FA}.Release|Any CPU.Build.0 = Release|Any CPU
		{BF1E4220-D1CB-42C3-A4D7-D78DD5DB4D57}.Debug|Any CPU.ActiveCfg = Debug|Any CPU
		{BF1E4220-D1CB-42C3-A4D7-D78DD5DB4D57}.Debug|Any CPU.Build.0 = Debug|Any CPU
		{BF1E4220-D1CB-42C3-A4D7-D78DD5DB4D57}.Debug|Any CPU.Deploy.0 = Debug|Any CPU
		{BF1E4220-D1CB-42C3-A4D7-D78DD5DB4D57}.Release|Any CPU.ActiveCfg = Release|Any CPU
		{BF1E4220-D1CB-42C3-A4D7-D78DD5DB4D57}.Release|Any CPU.Build.0 = Release|Any CPU
		{BF1E4220-D1CB-42C3-A4D7-D78DD5DB4D57}.Release|Any CPU.Deploy.0 = Release|Any CPU
	EndGlobalSection
	GlobalSection(SolutionProperties) = preSolution
		HideSolutionNode = FALSE
	EndGlobalSection
	GlobalSection(ExtensibilityGlobals) = postSolution
		SolutionGuid = {27482934-FB83-499B-A5F1-3F7B7F3912F4}
	EndGlobalSection
EndGlobal
